
Microsoft Visual Studio Solution File, Format Version 12.00
# Visual Studio Version 17
VisualStudioVersion = 17.14.36811.4 d17.14
MinimumVisualStudioVersion = 10.0.40219.1
Project("{8BC9CEB8-8B4A-11D0-8D11-00A0C91BC942}") = "cpp_study_4_15", "cpp_study_4_15.vcxproj", "{BDCB7D5A-CCB2-4C1C-8E9C-CE75FCABF717}"
EndProject
Global
	GlobalSection(SolutionConfigurationPlatforms) = preSolution
		Debug|x64 = Debug|x64
		Debug|x86 = Debug|x86
		Release|x64 = Release|x64
		Release|x86 = Release|x86
	EndGlobalSection
	GlobalSection(ProjectConfigurationPlatforms) = postSolution
		{BDCB7D5A-CCB2-4C1C-8E9C-CE75FCABF717}.Debug|x64.ActiveCfg = Debug|x64
		{BDCB7D5A-CCB2-4C1C-8E9C-CE75FCABF717}.Debug|x64.Build.0 = Debug|x64
		{BDCB7D5A-CCB2-4C1C-8E9C-CE75FCABF717}.Debug|x86.ActiveCfg = Debug|Win32
		{BDCB7D5A-CCB2-4C1C-8E9C-CE75FCABF717}.Debug|x86.Build.0 = Debug|Win32
		{BDCB7D5A-CCB2-4C1C-8E9C-CE75FCABF717}.Release|x64.ActiveCfg = Release|x64
		{BDCB7D5A-CCB2-4C1C-8E9C-CE75FCABF717}.Release|x64.Build.0 = Release|x64
		{BDCB7D5A-CCB2-4C1C-8E9C-CE75FCABF717}.Release|x86.ActiveCfg = Release|Win32
		{BDCB7D5A-CCB2-4C1C-8E9C-CE75FCABF717}.Release|x86.Build.0 = Release|Win32
	EndGlobalSection
	GlobalSection(SolutionProperties) = preSolution
		HideSolutionNode = FALSE
	EndGlobalSection
	GlobalSection(ExtensibilityGlobals) = postSolution
		SolutionGuid = {CEB98AFD-A5C4-451F-A0E4-556ED220199C}
	EndGlobalSection
EndGlobal
